
Microsoft Visual Studio Solution File, Format Version 12.00
# Visual Studio Version 17
VisualStudioVersion = 17.9.34728.123
MinimumVisualStudioVersion = 10.0.40219.1
Project("{FAE04EC0-301F-11D3-BF4B-00C04F79EFBC}") = "Sneak", "Sneak\Sneak.csproj", "{8E50CCB5-6179-487C-A009-EABCEAFC7A9E}"
EndProject
Global
	GlobalSection(SolutionConfigurationPlatforms) = preSolution
		Debug|Any CPU = Debug|Any CPU
		Release|Any CPU = Release|Any CPU
	EndGlobalSection
	GlobalSection(ProjectConfigurationPlatforms) = postSolution
		{8E50CCB5-6179-487C-A009-EABCEAFC7A9E}.Debug|Any CPU.ActiveCfg = Debug|Any CPU
		{8E50CCB5-6179-487C-A009-EABCEAFC7A9E}.Debug|Any CPU.Build.0 = Debug|Any CPU
		{8E50CCB5-6179-487C-A009-EABCEAFC7A9E}.Release|Any CPU.ActiveCfg = Release|Any CPU
		{8E50CCB5-6179-487C-A009-EABCEAFC7A9E}.Release|Any CPU.Build.0 = Release|Any CPU
	EndGlobalSection
	GlobalSection(SolutionProperties) = preSolution
		HideSolutionNode = FALSE
	EndGlobalSection
	GlobalSection(ExtensibilityGlobals) = postSolution
		SolutionGuid = {CE762889-BA91-44F4-A085-FC3FE8638E4A}
	EndGlobalSection
EndGlobal
